
Microsoft Visual Studio Solution File, Format Version 12.00
# Visual Studio Version 17
VisualStudioVersion = 17.0.31903.59
MinimumVisualStudioVersion = 10.0.40219.1
Project("{9A19103F-16F7-4668-BE54-9A1E7A4F7556}") = "AppLivrosMobile", "AppLivrosMobile\AppLivrosMobile.csproj", "{642CEB3A-1DBE-469E-9A27-2D32353BC3AB}"
EndProject
Project("{FAE04EC0-301F-11D3-BF4B-00C04F79EFBC}") = "AppLivrosApi", "AppLivrosApi\AppLivrosApi.csproj", "{094300B4-FF89-4809-AE65-EEDB9AECCE61}"
EndProject
Project("{FAE04EC0-301F-11D3-BF4B-00C04F79EFBC}") = "AppLivrosRazor", "AppLivrosRazor\AppLivrosRazor.csproj", "{7393665C-8F3C-4297-A9C3-9CDDF01D9069}"
EndProject
Global
	GlobalSection(SolutionConfigurationPlatforms) = preSolution
		Debug|Any CPU = Debug|Any CPU
		Release|Any CPU = Release|Any CPU
	EndGlobalSection
	GlobalSection(ProjectConfigurationPlatforms) = postSolution
		{642CEB3A-1DBE-469E-9A27-2D32353BC3AB}.Debug|Any CPU.ActiveCfg = Debug|Any CPU
		{642CEB3A-1DBE-469E-9A27-2D32353BC3AB}.Debug|Any CPU.Build.0 = Debug|Any CPU
		{642CEB3A-1DBE-469E-9A27-2D32353BC3AB}.Debug|Any CPU.Deploy.0 = Debug|Any CPU
		{642CEB3A-1DBE-469E-9A27-2D32353BC3AB}.Release|Any CPU.ActiveCfg = Release|Any CPU
		{642CEB3A-1DBE-469E-9A27-2D32353BC3AB}.Release|Any CPU.Build.0 = Release|Any CPU
		{642CEB3A-1DBE-469E-9A27-2D32353BC3AB}.Release|Any CPU.Deploy.0 = Release|Any CPU
		{094300B4-FF89-4809-AE65-EEDB9AECCE61}.Debug|Any CPU.ActiveCfg = Debug|Any CPU
		{094300B4-FF89-4809-AE65-EEDB9AECCE61}.Debug|Any CPU.Build.0 = Debug|Any CPU
		{094300B4-FF89-4809-AE65-EEDB9AECCE61}.Release|Any CPU.ActiveCfg = Release|Any CPU
		{094300B4-FF89-4809-AE65-EEDB9AECCE61}.Release|Any CPU.Build.0 = Release|Any CPU
		{7393665C-8F3C-4297-A9C3-9CDDF01D9069}.Debug|Any CPU.ActiveCfg = Debug|Any CPU
		{7393665C-8F3C-4297-A9C3-9CDDF01D9069}.Debug|Any CPU.Build.0 = Debug|Any CPU
		{7393665C-8F3C-4297-A9C3-9CDDF01D9069}.Release|Any CPU.ActiveCfg = Release|Any CPU
		{7393665C-8F3C-4297-A9C3-9CDDF01D9069}.Release|Any CPU.Build.0 = Release|Any CPU
	EndGlobalSection
	GlobalSection(SolutionProperties) = preSolution
		HideSolutionNode = FALSE
	EndGlobalSection
	GlobalSection(ExtensibilityGlobals) = postSolution
		SolutionGuid = {6321C5CA-B70D-4E3A-BBAF-9C5DAC1A0E59}
	EndGlobalSection
EndGlobal
